
Microsoft Visual Studio Solution File, Format Version 12.00
# Visual Studio Version 16
VisualStudioVersion = 16.0.29503.13
MinimumVisualStudioVersion = 10.0.40219.1
Project("{8BC9CEB8-8B4A-11D0-8D11-00A0C91BC942}") = "lab2task7_3", "lab2task7_3\lab2task7_3.vcxproj", "{438EBFA4-61EA-472C-8536-7B7E6860E619}"
EndProject
Project("{8BC9CEB8-8B4A-11D0-8D11-00A0C91BC942}") = "lab2lib", "lab2lib\lab2lib.vcxproj", "{A114D9E5-6C28-4299-99F0-442DFBB2A14F}"
EndProject
Global
	GlobalSection(SolutionConfigurationPlatforms) = preSolution
		Debug|x64 = Debug|x64
		Debug|x86 = Debug|x86
		Release|x64 = Release|x64
		Release|x86 = Release|x86
	EndGlobalSection
	GlobalSection(ProjectConfigurationPlatforms) = postSolution
		{438EBFA4-61EA-472C-8536-7B7E6860E619}.Debug|x64.ActiveCfg = Debug|x64
		{438EBFA4-61EA-472C-8536-7B7E6860E619}.Debug|x64.Build.0 = Debug|x64
		{438EBFA4-61EA-472C-8536-7B7E6860E619}.Debug|x86.ActiveCfg = Debug|Win32
		{438EBFA4-61EA-472C-8536-7B7E6860E619}.Debug|x86.Build.0 = Debug|Win32
		{438EBFA4-61EA-472C-8536-7B7E6860E619}.Release|x64.ActiveCfg = Release|x64
		{438EBFA4-61EA-472C-8536-7B7E6860E619}.Release|x64.Build.0 = Release|x64
		{438EBFA4-61EA-472C-8536-7B7E6860E619}.Release|x86.ActiveCfg = Release|Win32
		{438EBFA4-61EA-472C-8536-7B7E6860E619}.Release|x86.Build.0 = Release|Win32
		{A114D9E5-6C28-4299-99F0-442DFBB2A14F}.Debug|x64.ActiveCfg = Debug|x64
		{A114D9E5-6C28-4299-99F0-442DFBB2A14F}.Debug|x64.Build.0 = Debug|x64
		{A114D9E5-6C28-4299-99F0-442DFBB2A14F}.Debug|x86.ActiveCfg = Debug|Win32
		{A114D9E5-6C28-4299-99F0-442DFBB2A14F}.Debug|x86.Build.0 = Debug|Win32
		{A114D9E5-6C28-4299-99F0-442DFBB2A14F}.Release|x64.ActiveCfg = Release|x64
		{A114D9E5-6C28-4299-99F0-442DFBB2A14F}.Release|x64.Build.0 = Release|x64
		{A114D9E5-6C28-4299-99F0-442DFBB2A14F}.Release|x86.ActiveCfg = Release|Win32
		{A114D9E5-6C28-4299-99F0-442DFBB2A14F}.Release|x86.Build.0 = Release|Win32
	EndGlobalSection
	GlobalSection(SolutionProperties) = preSolution
		HideSolutionNode = FALSE
	EndGlobalSection
	GlobalSection(ExtensibilityGlobals) = postSolution
		SolutionGuid = {74549E28-85D0-4537-A91A-F093EA50BCBD}
	EndGlobalSection
EndGlobal
